
Microsoft Visual Studio Solution File, Format Version 12.00
# Visual Studio Version 16
VisualStudioVersion = 16.0.30413.136
MinimumVisualStudioVersion = 10.0.40219.1
Project("{FAE04EC0-301F-11D3-BF4B-00C04F79EFBC}") = "PokusGIT", "PokusGIT\PokusGIT.csproj", "{1127D8AD-9206-4855-991B-C7F21F751F55}"
EndProject
Global
	GlobalSection(SolutionConfigurationPlatforms) = preSolution
		Debug|Any CPU = Debug|Any CPU
		Release|Any CPU = Release|Any CPU
	EndGlobalSection
	GlobalSection(ProjectConfigurationPlatforms) = postSolution
		{1127D8AD-9206-4855-991B-C7F21F751F55}.Debug|Any CPU.ActiveCfg = Debug|Any CPU
		{1127D8AD-9206-4855-991B-C7F21F751F55}.Debug|Any CPU.Build.0 = Debug|Any CPU
		{1127D8AD-9206-4855-991B-C7F21F751F55}.Release|Any CPU.ActiveCfg = Release|Any CPU
		{1127D8AD-9206-4855-991B-C7F21F751F55}.Release|Any CPU.Build.0 = Release|Any CPU
	EndGlobalSection
	GlobalSection(SolutionProperties) = preSolution
		HideSolutionNode = FALSE
	EndGlobalSection
	GlobalSection(ExtensibilityGlobals) = postSolution
		SolutionGuid = {C5508061-3C78-4683-8288-5638673F207F}
	EndGlobalSection
EndGlobal
